
Microsoft Visual Studio Solution File, Format Version 12.00
# Visual Studio Version 17
VisualStudioVersion = 17.8.34511.84
MinimumVisualStudioVersion = 10.0.40219.1
Project("{9A19103F-16F7-4668-BE54-9A1E7A4F7556}") = "ClientAPI", "ClientAPI\ClientAPI.csproj", "{4911E073-B23B-4AB3-985B-E450244C8C98}"
EndProject
Project("{9A19103F-16F7-4668-BE54-9A1E7A4F7556}") = "ClientManagementWebApp", "ClientManagementWebApp\ClientManagementWebApp.csproj", "{4CFC05E6-E6F2-49A2-81C1-70BD7317AB52}"
EndProject
Project("{FAE04EC0-301F-11D3-BF4B-00C04F79EFBC}") = "ClientAppCore", "ClientAppCore\ClientAppCore.csproj", "{54FDC0E8-727D-4A56-B30F-8E73A5197E57}"
EndProject
Project("{FAE04EC0-301F-11D3-BF4B-00C04F79EFBC}") = "ClientShared", "ClientShared\ClientShared.csproj", "{3C781413-48B8-4835-9250-DADEDDA6ABF4}"
EndProject
Global
	GlobalSection(SolutionConfigurationPlatforms) = preSolution
		Debug|Any CPU = Debug|Any CPU
		Release|Any CPU = Release|Any CPU
	EndGlobalSection
	GlobalSection(ProjectConfigurationPlatforms) = postSolution
		{4911E073-B23B-4AB3-985B-E450244C8C98}.Debug|Any CPU.ActiveCfg = Debug|Any CPU
		{4911E073-B23B-4AB3-985B-E450244C8C98}.Debug|Any CPU.Build.0 = Debug|Any CPU
		{4911E073-B23B-4AB3-985B-E450244C8C98}.Release|Any CPU.ActiveCfg = Release|Any CPU
		{4911E073-B23B-4AB3-985B-E450244C8C98}.Release|Any CPU.Build.0 = Release|Any CPU
		{4CFC05E6-E6F2-49A2-81C1-70BD7317AB52}.Debug|Any CPU.ActiveCfg = Debug|Any CPU
		{4CFC05E6-E6F2-49A2-81C1-70BD7317AB52}.Debug|Any CPU.Build.0 = Debug|Any CPU
		{4CFC05E6-E6F2-49A2-81C1-70BD7317AB52}.Release|Any CPU.ActiveCfg = Release|Any CPU
		{4CFC05E6-E6F2-49A2-81C1-70BD7317AB52}.Release|Any CPU.Build.0 = Release|Any CPU
		{54FDC0E8-727D-4A56-B30F-8E73A5197E57}.Debug|Any CPU.ActiveCfg = Debug|Any CPU
		{54FDC0E8-727D-4A56-B30F-8E73A5197E57}.Debug|Any CPU.Build.0 = Debug|Any CPU
		{54FDC0E8-727D-4A56-B30F-8E73A5197E57}.Release|Any CPU.ActiveCfg = Release|Any CPU
		{54FDC0E8-727D-4A56-B30F-8E73A5197E57}.Release|Any CPU.Build.0 = Release|Any CPU
		{3C781413-48B8-4835-9250-DADEDDA6ABF4}.Debug|Any CPU.ActiveCfg = Debug|Any CPU
		{3C781413-48B8-4835-9250-DADEDDA6ABF4}.Debug|Any CPU.Build.0 = Debug|Any CPU
		{3C781413-48B8-4835-9250-DADEDDA6ABF4}.Release|Any CPU.ActiveCfg = Release|Any CPU
		{3C781413-48B8-4835-9250-DADEDDA6ABF4}.Release|Any CPU.Build.0 = Release|Any CPU
	EndGlobalSection
	GlobalSection(SolutionProperties) = preSolution
		HideSolutionNode = FALSE
	EndGlobalSection
	GlobalSection(ExtensibilityGlobals) = postSolution
		SolutionGuid = {17F8150B-8536-4C62-BB7F-4FFAA16AA206}
	EndGlobalSection
EndGlobal
